
Microsoft Visual Studio Solution File, Format Version 12.00
# Visual Studio 15
VisualStudioVersion = 15.0.27703.2042
MinimumVisualStudioVersion = 10.0.40219.1
Project("{FAE04EC0-301F-11D3-BF4B-00C04F79EFBC}") = "await_asyncTEST", "await_asyncTEST\await_asyncTEST.csproj", "{F483880B-2243-4D66-A06E-BBD2F0F30E11}"
EndProject
Global
	GlobalSection(SolutionConfigurationPlatforms) = preSolution
		Debug|Any CPU = Debug|Any CPU
		Release|Any CPU = Release|Any CPU
	EndGlobalSection
	GlobalSection(ProjectConfigurationPlatforms) = postSolution
		{F483880B-2243-4D66-A06E-BBD2F0F30E11}.Debug|Any CPU.ActiveCfg = Debug|Any CPU
		{F483880B-2243-4D66-A06E-BBD2F0F30E11}.Debug|Any CPU.Build.0 = Debug|Any CPU
		{F483880B-2243-4D66-A06E-BBD2F0F30E11}.Release|Any CPU.ActiveCfg = Release|Any CPU
		{F483880B-2243-4D66-A06E-BBD2F0F30E11}.Release|Any CPU.Build.0 = Release|Any CPU
	EndGlobalSection
	GlobalSection(SolutionProperties) = preSolution
		HideSolutionNode = FALSE
	EndGlobalSection
	GlobalSection(ExtensibilityGlobals) = postSolution
		SolutionGuid = {F8B76A79-5899-40F8-A05A-0AF1C6EE8F89}
	EndGlobalSection
EndGlobal
